
Microsoft Visual Studio Solution File, Format Version 12.00
# Visual Studio 15
VisualStudioVersion = 15.0.25920.0
MinimumVisualStudioVersion = 10.0.40219.1
Project("{F2A71F9B-5D33-465A-A702-920D77279786}") = "Solver", "ConsoleApplication1\Solver.fsproj", "{F697BD8B-5C35-4951-83EA-0B134E1537FB}"
EndProject
Global
	GlobalSection(SolutionConfigurationPlatforms) = preSolution
		Debug|Any CPU = Debug|Any CPU
		Release|Any CPU = Release|Any CPU
	EndGlobalSection
	GlobalSection(ProjectConfigurationPlatforms) = postSolution
		{F697BD8B-5C35-4951-83EA-0B134E1537FB}.Debug|Any CPU.ActiveCfg = Debug|Any CPU
		{F697BD8B-5C35-4951-83EA-0B134E1537FB}.Debug|Any CPU.Build.0 = Debug|Any CPU
		{F697BD8B-5C35-4951-83EA-0B134E1537FB}.Release|Any CPU.ActiveCfg = Release|Any CPU
		{F697BD8B-5C35-4951-83EA-0B134E1537FB}.Release|Any CPU.Build.0 = Release|Any CPU
	EndGlobalSection
	GlobalSection(SolutionProperties) = preSolution
		HideSolutionNode = FALSE
	EndGlobalSection
EndGlobal
